// !$*UTF8*$!
{
	archiveVersion = 1;
	classes = {
	};
	objectVersion = 46;
	objects = {

/* Begin PBXBuildFile section */
		6E0C481E1AC0692900AF371C /* thumbnail.png in Resources */ = {isa = PBXBuildFile; fileRef = 6E0C481D1AC0692900AF371C /* thumbnail.png */; };
		E25C80711ACB4109008C7394 /* CoreText.framework in Frameworks */ = {isa = PBXBuildFile; fileRef = E26EE9181ABF420B0080FCE4 /* CoreText.framework */; };
		E25C80861ACB4152008C7394 /* Info.plist in Resources */ = {isa = PBXBuildFile; fileRef = E25C80801ACB4152008C7394 /* Info.plist */; };
		E25C80871ACB4152008C7394 /* MangaScreenSaver.h in Headers */ = {isa = PBXBuildFile; fileRef = E25C80811ACB4152008C7394 /* MangaScreenSaver.h */; };
		E25C80881ACB4152008C7394 /* MangaScreenSaver.m in Sources */ = {isa = PBXBuildFile; fileRef = E25C80821ACB4152008C7394 /* MangaScreenSaver.m */; };
		E25C80891ACB4152008C7394 /* OptionsWindow.xib in Resources */ = {isa = PBXBuildFile; fileRef = E25C80831ACB4152008C7394 /* OptionsWindow.xib */; };
		E25C808A1ACB4152008C7394 /* thumbnail.png in Resources */ = {isa = PBXBuildFile; fileRef = E25C80851ACB4152008C7394 /* thumbnail.png */; };
		E25C81441ACB431F008C7394 /* comix in Resources */ = {isa = PBXBuildFile; fileRef = E25C81431ACB431F008C7394 /* comix */; };
		E25C814F1ACB672F008C7394 /* AppDelegate.m in Sources */ = {isa = PBXBuildFile; fileRef = E25C814E1ACB672F008C7394 /* AppDelegate.m */; };
		E25C81511ACB672F008C7394 /* main.m in Sources */ = {isa = PBXBuildFile; fileRef = E25C81501ACB672F008C7394 /* main.m */; };
		E25C81541ACB672F008C7394 /* ViewController.m in Sources */ = {isa = PBXBuildFile; fileRef = E25C81531ACB672F008C7394 /* ViewController.m */; };
		E25C81561ACB672F008C7394 /* Images.xcassets in Resources */ = {isa = PBXBuildFile; fileRef = E25C81551ACB672F008C7394 /* Images.xcassets */; };
		E25C81591ACB6730008C7394 /* Main.storyboard in Resources */ = {isa = PBXBuildFile; fileRef = E25C81571ACB6730008C7394 /* Main.storyboard */; };
		E25C816E1ACB67F3008C7394 /* TestView.m in Sources */ = {isa = PBXBuildFile; fileRef = E25C816D1ACB67F3008C7394 /* TestView.m */; };
		E26EE90D1ABEC9390080FCE4 /* FuckScreenSaverView.h in Headers */ = {isa = PBXBuildFile; fileRef = E26EE90C1ABEC9390080FCE4 /* FuckScreenSaverView.h */; };
		E26EE90F1ABEC9390080FCE4 /* FuckScreenSaverView.m in Sources */ = {isa = PBXBuildFile; fileRef = E26EE90E1ABEC9390080FCE4 /* FuckScreenSaverView.m */; };
		E26EE9171ABED8F10080FCE4 /* icon.jpg in Resources */ = {isa = PBXBuildFile; fileRef = E26EE9161ABED8F10080FCE4 /* icon.jpg */; };
		E26EE9191ABF420B0080FCE4 /* CoreText.framework in Frameworks */ = {isa = PBXBuildFile; fileRef = E26EE9181ABF420B0080FCE4 /* CoreText.framework */; };
		E26EE91B1ABF4C8A0080FCE4 /* quotations.txt in Resources */ = {isa = PBXBuildFile; fileRef = E26EE91A1ABF4C8A0080FCE4 /* quotations.txt */; };
		E26EE9261ABF54810080FCE4 /* AppDelegate.m in Sources */ = {isa = PBXBuildFile; fileRef = E26EE9251ABF54810080FCE4 /* AppDelegate.m */; };
		E26EE9281ABF54810080FCE4 /* main.m in Sources */ = {isa = PBXBuildFile; fileRef = E26EE9271ABF54810080FCE4 /* main.m */; };
		E26EE92B1ABF54810080FCE4 /* ViewController.m in Sources */ = {isa = PBXBuildFile; fileRef = E26EE92A1ABF54810080FCE4 /* ViewController.m */; };
		E26EE92D1ABF54810080FCE4 /* Images.xcassets in Resources */ = {isa = PBXBuildFile; fileRef = E26EE92C1ABF54810080FCE4 /* Images.xcassets */; };
		E26EE9431ABF54BE0080FCE4 /* quotations.txt in Resources */ = {isa = PBXBuildFile; fileRef = E26EE91A1ABF4C8A0080FCE4 /* quotations.txt */; };
		E26EE9451ABF69D40080FCE4 /* OptionsWindow.xib in Resources */ = {isa = PBXBuildFile; fileRef = E26EE9441ABF69D40080FCE4 /* OptionsWindow.xib */; };
		E26EE94F1ABF71210080FCE4 /* Media.xcassets in Resources */ = {isa = PBXBuildFile; fileRef = E26EE94E1ABF71210080FCE4 /* Media.xcassets */; };
/* End PBXBuildFile section */

/* Begin PBXFileReference section */
		6E0C481D1AC0692900AF371C /* thumbnail.png */ = {isa = PBXFileReference; lastKnownFileType = image.png; path = thumbnail.png; sourceTree = "<group>"; };
		E25C807D1ACB4109008C7394 /* Manga Screen Saver.saver */ = {isa = PBXFileReference; explicitFileType = wrapper.cfbundle; includeInIndex = 0; path = "Manga Screen Saver.saver"; sourceTree = BUILT_PRODUCTS_DIR; };
		E25C80801ACB4152008C7394 /* Info.plist */ = {isa = PBXFileReference; fileEncoding = 4; lastKnownFileType = text.plist.xml; path = Info.plist; sourceTree = "<group>"; };
		E25C80811ACB4152008C7394 /* MangaScreenSaver.h */ = {isa = PBXFileReference; fileEncoding = 4; lastKnownFileType = sourcecode.c.h; path = MangaScreenSaver.h; sourceTree = "<group>"; };
		E25C80821ACB4152008C7394 /* MangaScreenSaver.m */ = {isa = PBXFileReference; fileEncoding = 4; lastKnownFileType = sourcecode.c.objc; path = MangaScreenSaver.m; sourceTree = "<group>"; };
		E25C80831ACB4152008C7394 /* OptionsWindow.xib */ = {isa = PBXFileReference; fileEncoding = 4; lastKnownFileType = file.xib; path = OptionsWindow.xib; sourceTree = "<group>"; };
		E25C80851ACB4152008C7394 /* thumbnail.png */ = {isa = PBXFileReference; lastKnownFileType = image.png; path = thumbnail.png; sourceTree = "<group>"; };
		E25C81431ACB431F008C7394 /* comix */ = {isa = PBXFileReference; lastKnownFileType = folder; path = comix; sourceTree = "<group>"; };
		E25C81491ACB672F008C7394 /* TestCoreImage.app */ = {isa = PBXFileReference; explicitFileType = wrapper.application; includeInIndex = 0; path = TestCoreImage.app; sourceTree = BUILT_PRODUCTS_DIR; };
		E25C814C1ACB672F008C7394 /* Info.plist */ = {isa = PBXFileReference; lastKnownFileType = text.plist.xml; path = Info.plist; sourceTree = "<group>"; };
		E25C814D1ACB672F008C7394 /* AppDelegate.h */ = {isa = PBXFileReference; lastKnownFileType = sourcecode.c.h; path = AppDelegate.h; sourceTree = "<group>"; };
		E25C814E1ACB672F008C7394 /* AppDelegate.m */ = {isa = PBXFileReference; lastKnownFileType = sourcecode.c.objc; path = AppDelegate.m; sourceTree = "<group>"; };
		E25C81501ACB672F008C7394 /* main.m */ = {isa = PBXFileReference; lastKnownFileType = sourcecode.c.objc; path = main.m; sourceTree = "<group>"; };
		E25C81521ACB672F008C7394 /* ViewController.h */ = {isa = PBXFileReference; lastKnownFileType = sourcecode.c.h; path = ViewController.h; sourceTree = "<group>"; };
		E25C81531ACB672F008C7394 /* ViewController.m */ = {isa = PBXFileReference; lastKnownFileType = sourcecode.c.objc; path = ViewController.m; sourceTree = "<group>"; };
		E25C81551ACB672F008C7394 /* Images.xcassets */ = {isa = PBXFileReference; lastKnownFileType = folder.assetcatalog; path = Images.xcassets; sourceTree = "<group>"; };
		E25C81581ACB6730008C7394 /* Base */ = {isa = PBXFileReference; lastKnownFileType = file.storyboard; name = Base; path = Base.lproj/Main.storyboard; sourceTree = "<group>"; };
		E25C816C1ACB67F3008C7394 /* TestView.h */ = {isa = PBXFileReference; fileEncoding = 4; lastKnownFileType = sourcecode.c.h; path = TestView.h; sourceTree = "<group>"; };
		E25C816D1ACB67F3008C7394 /* TestView.m */ = {isa = PBXFileReference; fileEncoding = 4; lastKnownFileType = sourcecode.c.objc; path = TestView.m; sourceTree = "<group>"; };
		E26EE9071ABEC9390080FCE4 /* Fuck Scr Saver.saver */ = {isa = PBXFileReference; explicitFileType = wrapper.cfbundle; includeInIndex = 0; path = "Fuck Scr Saver.saver"; sourceTree = BUILT_PRODUCTS_DIR; };
		E26EE90B1ABEC9390080FCE4 /* Info.plist */ = {isa = PBXFileReference; lastKnownFileType = text.plist.xml; path = Info.plist; sourceTree = "<group>"; };
		E26EE90C1ABEC9390080FCE4 /* FuckScreenSaverView.h */ = {isa = PBXFileReference; lastKnownFileType = sourcecode.c.h; path = FuckScreenSaverView.h; sourceTree = "<group>"; };
		E26EE90E1ABEC9390080FCE4 /* FuckScreenSaverView.m */ = {isa = PBXFileReference; lastKnownFileType = sourcecode.c.objc; path = FuckScreenSaverView.m; sourceTree = "<group>"; };
		E26EE9161ABED8F10080FCE4 /* icon.jpg */ = {isa = PBXFileReference; lastKnownFileType = image.jpeg; path = icon.jpg; sourceTree = "<group>"; };
		E26EE9181ABF420B0080FCE4 /* CoreText.framework */ = {isa = PBXFileReference; lastKnownFileType = wrapper.framework; name = CoreText.framework; path = System/Library/Frameworks/CoreText.framework; sourceTree = SDKROOT; };
		E26EE91A1ABF4C8A0080FCE4 /* quotations.txt */ = {isa = PBXFileReference; fileEncoding = 4; lastKnownFileType = text; path = quotations.txt; sourceTree = "<group>"; };
		E26EE9201ABF54810080FCE4 /* ScrSaverTester.app */ = {isa = PBXFileReference; explicitFileType = wrapper.application; includeInIndex = 0; path = ScrSaverTester.app; sourceTree = BUILT_PRODUCTS_DIR; };
		E26EE9231ABF54810080FCE4 /* Info.plist */ = {isa = PBXFileReference; lastKnownFileType = text.plist.xml; path = Info.plist; sourceTree = "<group>"; };
		E26EE9241ABF54810080FCE4 /* AppDelegate.h */ = {isa = PBXFileReference; lastKnownFileType = sourcecode.c.h; path = AppDelegate.h; sourceTree = "<group>"; };
		E26EE9251ABF54810080FCE4 /* AppDelegate.m */ = {isa = PBXFileReference; lastKnownFileType = sourcecode.c.objc; path = AppDelegate.m; sourceTree = "<group>"; };
		E26EE9271ABF54810080FCE4 /* main.m */ = {isa = PBXFileReference; lastKnownFileType = sourcecode.c.objc; path = main.m; sourceTree = "<group>"; };
		E26EE9291ABF54810080FCE4 /* ViewController.h */ = {isa = PBXFileReference; lastKnownFileType = sourcecode.c.h; path = ViewController.h; sourceTree = "<group>"; };
		E26EE92A1ABF54810080FCE4 /* ViewController.m */ = {isa = PBXFileReference; lastKnownFileType = sourcecode.c.objc; path = ViewController.m; sourceTree = "<group>"; };
		E26EE92C1ABF54810080FCE4 /* Images.xcassets */ = {isa = PBXFileReference; lastKnownFileType = folder.assetcatalog; path = Images.xcassets; sourceTree = "<group>"; };
		E26EE92F1ABF54810080FCE4 /* Base */ = {isa = PBXFileReference; lastKnownFileType = file.storyboard; name = Base; path = Base.lproj/Main.storyboard; sourceTree = "<group>"; };
		E26EE9441ABF69D40080FCE4 /* OptionsWindow.xib */ = {isa = PBXFileReference; fileEncoding = 4; lastKnownFileType = file.xib; path = OptionsWindow.xib; sourceTree = "<group>"; };
		E26EE94E1ABF71210080FCE4 /* Media.xcassets */ = {isa = PBXFileReference; lastKnownFileType = folder.assetcatalog; name = Media.xcassets; path = FuckScreenSaver/Media.xcassets; sourceTree = "<group>"; };
/* End PBXFileReference section */

/* Begin PBXFrameworksBuildPhase section */
		E25C80701ACB4109008C7394 /* Frameworks */ = {
			isa = PBXFrameworksBuildPhase;
			buildActionMask = 2147483647;
			files = (
				E25C80711ACB4109008C7394 /* CoreText.framework in Frameworks */,
			);
			runOnlyForDeploymentPostprocessing = 0;
		};
		E25C81461ACB672F008C7394 /* Frameworks */ = {
			isa = PBXFrameworksBuildPhase;
			buildActionMask = 2147483647;
			files = (
			);
			runOnlyForDeploymentPostprocessing = 0;
		};
		E26EE9031ABEC9390080FCE4 /* Frameworks */ = {
			isa = PBXFrameworksBuildPhase;
			buildActionMask = 2147483647;
			files = (
				E26EE9191ABF420B0080FCE4 /* CoreText.framework in Frameworks */,
			);
			runOnlyForDeploymentPostprocessing = 0;
		};
		E26EE91D1ABF54810080FCE4 /* Frameworks */ = {
			isa = PBXFrameworksBuildPhase;
			buildActionMask = 2147483647;
			files = (
			);
			runOnlyForDeploymentPostprocessing = 0;
		};
/* End PBXFrameworksBuildPhase section */

/* Begin PBXGroup section */
		E25C807F1ACB4152008C7394 /* MangaScreenSaver */ = {
			isa = PBXGroup;
			children = (
				E25C80801ACB4152008C7394 /* Info.plist */,
				E25C80811ACB4152008C7394 /* MangaScreenSaver.h */,
				E25C80821ACB4152008C7394 /* MangaScreenSaver.m */,
				E25C80831ACB4152008C7394 /* OptionsWindow.xib */,
				E25C80841ACB4152008C7394 /* resources */,
			);
			path = MangaScreenSaver;
			sourceTree = "<group>";
		};
		E25C80841ACB4152008C7394 /* resources */ = {
			isa = PBXGroup;
			children = (
				E25C80851ACB4152008C7394 /* thumbnail.png */,
			);
			path = resources;
			sourceTree = "<group>";
		};
		E25C808B1ACB4167008C7394 /* Resources */ = {
			isa = PBXGroup;
			children = (
				E25C81431ACB431F008C7394 /* comix */,
			);
			path = Resources;
			sourceTree = "<group>";
		};
		E25C814A1ACB672F008C7394 /* TestCoreImage */ = {
			isa = PBXGroup;
			children = (
				E25C814D1ACB672F008C7394 /* AppDelegate.h */,
				E25C814E1ACB672F008C7394 /* AppDelegate.m */,
				E25C81521ACB672F008C7394 /* ViewController.h */,
				E25C81531ACB672F008C7394 /* ViewController.m */,
				E25C81551ACB672F008C7394 /* Images.xcassets */,
				E25C81571ACB6730008C7394 /* Main.storyboard */,
				E25C814B1ACB672F008C7394 /* Supporting Files */,
				E25C816C1ACB67F3008C7394 /* TestView.h */,
				E25C816D1ACB67F3008C7394 /* TestView.m */,
			);
			path = TestCoreImage;
			sourceTree = "<group>";
		};
		E25C814B1ACB672F008C7394 /* Supporting Files */ = {
			isa = PBXGroup;
			children = (
				E25C814C1ACB672F008C7394 /* Info.plist */,
				E25C81501ACB672F008C7394 /* main.m */,
			);
			name = "Supporting Files";
			sourceTree = "<group>";
		};
		E26EE8FD1ABEC9380080FCE4 = {
			isa = PBXGroup;
			children = (
				E25C808B1ACB4167008C7394 /* Resources */,
				E25C807F1ACB4152008C7394 /* MangaScreenSaver */,
				E26EE94E1ABF71210080FCE4 /* Media.xcassets */,
				E25C814A1ACB672F008C7394 /* TestCoreImage */,
				E26EE94D1ABF70D40080FCE4 /* Frameworks */,
				E26EE9091ABEC9390080FCE4 /* FuckScreenSaver */,
				E26EE9211ABF54810080FCE4 /* ScrSaverTester */,
				E26EE9081ABEC9390080FCE4 /* Products */,
			);
			sourceTree = "<group>";
		};
		E26EE9081ABEC9390080FCE4 /* Products */ = {
			isa = PBXGroup;
			children = (
				E26EE9071ABEC9390080FCE4 /* Fuck Scr Saver.saver */,
				E26EE9201ABF54810080FCE4 /* ScrSaverTester.app */,
				E25C807D1ACB4109008C7394 /* Manga Screen Saver.saver */,
				E25C81491ACB672F008C7394 /* TestCoreImage.app */,
			);
			name = Products;
			sourceTree = "<group>";
		};
		E26EE9091ABEC9390080FCE4 /* FuckScreenSaver */ = {
			isa = PBXGroup;
			children = (
				E26EE9151ABED8F10080FCE4 /* resources */,
				E26EE90C1ABEC9390080FCE4 /* FuckScreenSaverView.h */,
				E26EE90E1ABEC9390080FCE4 /* FuckScreenSaverView.m */,
				E26EE9441ABF69D40080FCE4 /* OptionsWindow.xib */,
				E26EE90A1ABEC9390080FCE4 /* Supporting Files */,
			);
			path = FuckScreenSaver;
			sourceTree = "<group>";
		};
		E26EE90A1ABEC9390080FCE4 /* Supporting Files */ = {
			isa = PBXGroup;
			children = (
				E26EE90B1ABEC9390080FCE4 /* Info.plist */,
			);
			name = "Supporting Files";
			sourceTree = "<group>";
		};
		E26EE9151ABED8F10080FCE4 /* resources */ = {
			isa = PBXGroup;
			children = (
				6E0C481D1AC0692900AF371C /* thumbnail.png */,
				E26EE91A1ABF4C8A0080FCE4 /* quotations.txt */,
				E26EE9161ABED8F10080FCE4 /* icon.jpg */,
			);
			path = resources;
			sourceTree = "<group>";
		};
		E26EE9211ABF54810080FCE4 /* ScrSaverTester */ = {
			isa = PBXGroup;
			children = (
				E26EE9241ABF54810080FCE4 /* AppDelegate.h */,
				E26EE9251ABF54810080FCE4 /* AppDelegate.m */,
				E26EE9291ABF54810080FCE4 /* ViewController.h */,
				E26EE92A1ABF54810080FCE4 /* ViewController.m */,
				E26EE92C1ABF54810080FCE4 /* Images.xcassets */,
				E26EE92E1ABF54810080FCE4 /* Main.storyboard */,
				E26EE9221ABF54810080FCE4 /* Supporting Files */,
			);
			path = ScrSaverTester;
			sourceTree = "<group>";
		};
		E26EE9221ABF54810080FCE4 /* Supporting Files */ = {
			isa = PBXGroup;
			children = (
				E26EE9231ABF54810080FCE4 /* Info.plist */,
				E26EE9271ABF54810080FCE4 /* main.m */,
			);
			name = "Supporting Files";
			sourceTree = "<group>";
		};
		E26EE94D1ABF70D40080FCE4 /* Frameworks */ = {
			isa = PBXGroup;
			children = (
				E26EE9181ABF420B0080FCE4 /* CoreText.framework */,
			);
			name = Frameworks;
			sourceTree = "<group>";
		};
/* End PBXGroup section */

/* Begin PBXHeadersBuildPhase section */
		E25C80721ACB4109008C7394 /* Headers */ = {
			isa = PBXHeadersBuildPhase;
			buildActionMask = 2147483647;
			files = (
				E25C80871ACB4152008C7394 /* MangaScreenSaver.h in Headers */,
			);
			runOnlyForDeploymentPostprocessing = 0;
		};
		E26EE9041ABEC9390080FCE4 /* Headers */ = {
			isa = PBXHeadersBuildPhase;
			buildActionMask = 2147483647;
			files = (
				E26EE90D1ABEC9390080FCE4 /* FuckScreenSaverView.h in Headers */,
			);
			runOnlyForDeploymentPostprocessing = 0;
		};
/* End PBXHeadersBuildPhase section */

/* Begin PBXNativeTarget section */
		E25C806D1ACB4109008C7394 /* MangaScreenSaver */ = {
			isa = PBXNativeTarget;
			buildConfigurationList = E25C807A1ACB4109008C7394 /* Build configuration list for PBXNativeTarget "MangaScreenSaver" */;
			buildPhases = (
				E25C806E1ACB4109008C7394 /* Sources */,
				E25C80701ACB4109008C7394 /* Frameworks */,
				E25C80721ACB4109008C7394 /* Headers */,
				E25C80741ACB4109008C7394 /* Resources */,
			);
			buildRules = (
			);
			dependencies = (
			);
			name = MangaScreenSaver;
			productName = FuckScreenSaver;
			productReference = E25C807D1ACB4109008C7394 /* Manga Screen Saver.saver */;
			productType = "com.apple.product-type.bundle";
		};
		E25C81481ACB672F008C7394 /* TestCoreImage */ = {
			isa = PBXNativeTarget;
			buildConfigurationList = E25C81661ACB6730008C7394 /* Build configuration list for PBXNativeTarget "TestCoreImage" */;
			buildPhases = (
				E25C81451ACB672F008C7394 /* Sources */,
				E25C81461ACB672F008C7394 /* Frameworks */,
				E25C81471ACB672F008C7394 /* Resources */,
			);
			buildRules = (
			);
			dependencies = (
			);
			name = TestCoreImage;
			productName = TestCoreImage;
			productReference = E25C81491ACB672F008C7394 /* TestCoreImage.app */;
			productType = "com.apple.product-type.application";
		};
		E26EE9061ABEC9390080FCE4 /* FuckScreenSaver */ = {
			isa = PBXNativeTarget;
			buildConfigurationList = E26EE9121ABEC9390080FCE4 /* Build configuration list for PBXNativeTarget "FuckScreenSaver" */;
			buildPhases = (
				E26EE9021ABEC9390080FCE4 /* Sources */,
				E26EE9031ABEC9390080FCE4 /* Frameworks */,
				E26EE9041ABEC9390080FCE4 /* Headers */,
				E26EE9051ABEC9390080FCE4 /* Resources */,
			);
			buildRules = (
			);
			dependencies = (
			);
			name = FuckScreenSaver;
			productName = FuckScreenSaver;
			productReference = E26EE9071ABEC9390080FCE4 /* Fuck Scr Saver.saver */;
			productType = "com.apple.product-type.bundle";
		};
		E26EE91F1ABF54810080FCE4 /* ScrSaverTester */ = {
			isa = PBXNativeTarget;
			buildConfigurationList = E26EE93D1ABF54810080FCE4 /* Build configuration list for PBXNativeTarget "ScrSaverTester" */;
			buildPhases = (
				E26EE91C1ABF54810080FCE4 /* Sources */,
				E26EE91D1ABF54810080FCE4 /* Frameworks */,
				E26EE91E1ABF54810080FCE4 /* Resources */,
			);
			buildRules = (
			);
			dependencies = (
			);
			name = ScrSaverTester;
			productName = ScrSaverTester;
			productReference = E26EE9201ABF54810080FCE4 /* ScrSaverTester.app */;
			productType = "com.apple.product-type.application";
		};
/* End PBXNativeTarget section */

/* Begin PBXProject section */
		E26EE8FE1ABEC9380080FCE4 /* Project object */ = {
			isa = PBXProject;
			attributes = {
				LastUpgradeCheck = 0620;
				ORGANIZATIONNAME = "Horns & Hoofs";
				TargetAttributes = {
					E25C81481ACB672F008C7394 = {
						CreatedOnToolsVersion = 6.2;
					};
					E26EE9061ABEC9390080FCE4 = {
						CreatedOnToolsVersion = 6.2;
					};
					E26EE91F1ABF54810080FCE4 = {
						CreatedOnToolsVersion = 6.2;
					};
				};
			};
			buildConfigurationList = E26EE9011ABEC9380080FCE4 /* Build configuration list for PBXProject "FuckScreenSaver" */;
			compatibilityVersion = "Xcode 3.2";
			developmentRegion = English;
			hasScannedForEncodings = 0;
			knownRegions = (
				en,
				Base,
			);
			mainGroup = E26EE8FD1ABEC9380080FCE4;
			productRefGroup = E26EE9081ABEC9390080FCE4 /* Products */;
			projectDirPath = "";
			projectRoot = "";
			targets = (
				E26EE9061ABEC9390080FCE4 /* FuckScreenSaver */,
				E26EE91F1ABF54810080FCE4 /* ScrSaverTester */,
				E25C806D1ACB4109008C7394 /* MangaScreenSaver */,
				E25C81481ACB672F008C7394 /* TestCoreImage */,
			);
		};
/* End PBXProject section */

/* Begin PBXResourcesBuildPhase section */
		E25C80741ACB4109008C7394 /* Resources */ = {
			isa = PBXResourcesBuildPhase;
			buildActionMask = 2147483647;
			files = (
				E25C80891ACB4152008C7394 /* OptionsWindow.xib in Resources */,
				E25C81441ACB431F008C7394 /* comix in Resources */,
				E25C80861ACB4152008C7394 /* Info.plist in Resources */,
				E25C808A1ACB4152008C7394 /* thumbnail.png in Resources */,
			);
			runOnlyForDeploymentPostprocessing = 0;
		};
		E25C81471ACB672F008C7394 /* Resources */ = {
			isa = PBXResourcesBuildPhase;
			buildActionMask = 2147483647;
			files = (
				E25C81561ACB672F008C7394 /* Images.xcassets in Resources */,
				E25C81591ACB6730008C7394 /* Main.storyboard in Resources */,
			);
			runOnlyForDeploymentPostprocessing = 0;
		};
		E26EE9051ABEC9390080FCE4 /* Resources */ = {
			isa = PBXResourcesBuildPhase;
			buildActionMask = 2147483647;
			files = (
				E26EE9451ABF69D40080FCE4 /* OptionsWindow.xib in Resources */,
				E26EE9171ABED8F10080FCE4 /* icon.jpg in Resources */,
				E26EE94F1ABF71210080FCE4 /* Media.xcassets in Resources */,
				E26EE91B1ABF4C8A0080FCE4 /* quotations.txt in Resources */,
				6E0C481E1AC0692900AF371C /* thumbnail.png in Resources */,
			);
			runOnlyForDeploymentPostprocessing = 0;
		};
		E26EE91E1ABF54810080FCE4 /* Resources */ = {
			isa = PBXResourcesBuildPhase;
			buildActionMask = 2147483647;
			files = (
				E26EE92D1ABF54810080FCE4 /* Images.xcassets in Resources */,
				E26EE9431ABF54BE0080FCE4 /* quotations.txt in Resources */,
			);
			runOnlyForDeploymentPostprocessing = 0;
		};
/* End PBXResourcesBuildPhase section */

/* Begin PBXSourcesBuildPhase section */
		E25C806E1ACB4109008C7394 /* Sources */ = {
			isa = PBXSourcesBuildPhase;
			buildActionMask = 2147483647;
			files = (
				E25C80881ACB4152008C7394 /* MangaScreenSaver.m in Sources */,
			);
			runOnlyForDeploymentPostprocessing = 0;
		};
		E25C81451ACB672F008C7394 /* Sources */ = {
			isa = PBXSourcesBuildPhase;
			buildActionMask = 2147483647;
			files = (
				E25C816E1ACB67F3008C7394 /* TestView.m in Sources */,
				E25C81541ACB672F008C7394 /* ViewController.m in Sources */,
				E25C81511ACB672F008C7394 /* main.m in Sources */,
				E25C814F1ACB672F008C7394 /* AppDelegate.m in Sources */,
			);
			runOnlyForDeploymentPostprocessing = 0;
		};
		E26EE9021ABEC9390080FCE4 /* Sources */ = {
			isa = PBXSourcesBuildPhase;
			buildActionMask = 2147483647;
			files = (
				E26EE90F1ABEC9390080FCE4 /* FuckScreenSaverView.m in Sources */,
			);
			runOnlyForDeploymentPostprocessing = 0;
		};
		E26EE91C1ABF54810080FCE4 /* Sources */ = {
			isa = PBXSourcesBuildPhase;
			buildActionMask = 2147483647;
			files = (
				E26EE92B1ABF54810080FCE4 /* ViewController.m in Sources */,
				E26EE9281ABF54810080FCE4 /* main.m in Sources */,
				E26EE9261ABF54810080FCE4 /* AppDelegate.m in Sources */,
			);
			runOnlyForDeploymentPostprocessing = 0;
		};
/* End PBXSourcesBuildPhase section */

/* Begin PBXVariantGroup section */
		E25C81571ACB6730008C7394 /* Main.storyboard */ = {
			isa = PBXVariantGroup;
			children = (
				E25C81581ACB6730008C7394 /* Base */,
			);
			name = Main.storyboard;
			sourceTree = "<group>";
		};
		E26EE92E1ABF54810080FCE4 /* Main.storyboard */ = {
			isa = PBXVariantGroup;
			children = (
				E26EE92F1ABF54810080FCE4 /* Base */,
			);
			name = Main.storyboard;
			sourceTree = "<group>";
		};
/* End PBXVariantGroup section */

/* Begin XCBuildConfiguration section */
		E25C807B1ACB4109008C7394 /* Debug */ = {
			isa = XCBuildConfiguration;
			buildSettings = {
				COMBINE_HIDPI_IMAGES = YES;
				INFOPLIST_FILE = MangaScreenSaver/Info.plist;
				INSTALL_PATH = "$(HOME)/Library/Screen Savers";
				PRODUCT_NAME = "Manga Screen Saver";
				WRAPPER_EXTENSION = saver;
			};
			name = Debug;
		};
		E25C807C1ACB4109008C7394 /* Release */ = {
			isa = XCBuildConfiguration;
			buildSettings = {
				COMBINE_HIDPI_IMAGES = YES;
				INFOPLIST_FILE = MangaScreenSaver/Info.plist;
				INSTALL_PATH = "$(HOME)/Library/Screen Savers";
				PRODUCT_NAME = "Manga Screen Saver";
				WRAPPER_EXTENSION = saver;
			};
			name = Release;
		};
		E25C81671ACB6730008C7394 /* Debug */ = {
			isa = XCBuildConfiguration;
			buildSettings = {
				ASSETCATALOG_COMPILER_APPICON_NAME = AppIcon;
				CODE_SIGN_IDENTITY = "-";
				COMBINE_HIDPI_IMAGES = YES;
				GCC_PREPROCESSOR_DEFINITIONS = (
					"DEBUG=1",
					"$(inherited)",
				);
				INFOPLIST_FILE = TestCoreImage/Info.plist;
				LD_RUNPATH_SEARCH_PATHS = "$(inherited) @executable_path/../Frameworks";
				PRODUCT_NAME = "$(TARGET_NAME)";
			};
			name = Debug;
		};
		E25C81681ACB6730008C7394 /* Release */ = {
			isa = XCBuildConfiguration;
			buildSettings = {
				ASSETCATALOG_COMPILER_APPICON_NAME = AppIcon;
				CODE_SIGN_IDENTITY = "-";
				COMBINE_HIDPI_IMAGES = YES;
				INFOPLIST_FILE = TestCoreImage/Info.plist;
				LD_RUNPATH_SEARCH_PATHS = "$(inherited) @executable_path/../Frameworks";
				PRODUCT_NAME = "$(TARGET_NAME)";
			};
			name = Release;
		};
		E26EE9101ABEC9390080FCE4 /* Debug */ = {
			isa = XCBuildConfiguration;
			buildSettings = {
				ALWAYS_SEARCH_USER_PATHS = NO;
				CLANG_CXX_LANGUAGE_STANDARD = "gnu++0x";
				CLANG_CXX_LIBRARY = "libc++";
				CLANG_ENABLE_MODULES = YES;
				CLANG_ENABLE_OBJC_ARC = YES;
				CLANG_WARN_BOOL_CONVERSION = YES;
				CLANG_WARN_CONSTANT_CONVERSION = YES;
				CLANG_WARN_DIRECT_OBJC_ISA_USAGE = YES_ERROR;
				CLANG_WARN_EMPTY_BODY = YES;
				CLANG_WARN_ENUM_CONVERSION = YES;
				CLANG_WARN_INT_CONVERSION = YES;
				CLANG_WARN_OBJC_ROOT_CLASS = YES_ERROR;
				CLANG_WARN_UNREACHABLE_CODE = YES;
				CLANG_WARN__DUPLICATE_METHOD_MATCH = YES;
				COPY_PHASE_STRIP = NO;
				ENABLE_STRICT_OBJC_MSGSEND = YES;
				GCC_C_LANGUAGE_STANDARD = gnu99;
				GCC_DYNAMIC_NO_PIC = NO;
				GCC_OPTIMIZATION_LEVEL = 0;
				GCC_PREPROCESSOR_DEFINITIONS = (
					"DEBUG=1",
					"$(inherited)",
				);
				GCC_SYMBOLS_PRIVATE_EXTERN = NO;
				GCC_WARN_64_TO_32_BIT_CONVERSION = YES;
				GCC_WARN_ABOUT_RETURN_TYPE = YES_ERROR;
				GCC_WARN_UNDECLARED_SELECTOR = YES;
				GCC_WARN_UNINITIALIZED_AUTOS = YES_AGGRESSIVE;
				GCC_WARN_UNUSED_FUNCTION = YES;
				GCC_WARN_UNUSED_VARIABLE = YES;
				MACOSX_DEPLOYMENT_TARGET = 10.10;
				MTL_ENABLE_DEBUG_INFO = YES;
				ONLY_ACTIVE_ARCH = YES;
				SDKROOT = macosx;
			};
			name = Debug;
		};
		E26EE9111ABEC9390080FCE4 /* Release */ = {
			isa = XCBuildConfiguration;
			buildSettings = {
				ALWAYS_SEARCH_USER_PATHS = NO;
				CLANG_CXX_LANGUAGE_STANDARD = "gnu++0x";
				CLANG_CXX_LIBRARY = "libc++";
				CLANG_ENABLE_MODULES = YES;
				CLANG_ENABLE_OBJC_ARC = YES;
				CLANG_WARN_BOOL_CONVERSION = YES;
				CLANG_WARN_CONSTANT_CONVERSION = YES;
				CLANG_WARN_DIRECT_OBJC_ISA_USAGE = YES_ERROR;
				CLANG_WARN_EMPTY_BODY = YES;
				CLANG_WARN_ENUM_CONVERSION = YES;
				CLANG_WARN_INT_CONVERSION = YES;
				CLANG_WARN_OBJC_ROOT_CLASS = YES_ERROR;
				CLANG_WARN_UNREACHABLE_CODE = YES;
				CLANG_WARN__DUPLICATE_METHOD_MATCH = YES;
				COPY_PHASE_STRIP = NO;
				DEBUG_INFORMATION_FORMAT = "dwarf-with-dsym";
				ENABLE_NS_ASSERTIONS = NO;
				ENABLE_STRICT_OBJC_MSGSEND = YES;
				GCC_C_LANGUAGE_STANDARD = gnu99;
				GCC_WARN_64_TO_32_BIT_CONVERSION = YES;
				GCC_WARN_ABOUT_RETURN_TYPE = YES_ERROR;
				GCC_WARN_UNDECLARED_SELECTOR = YES;
				GCC_WARN_UNINITIALIZED_AUTOS = YES_AGGRESSIVE;
				GCC_WARN_UNUSED_FUNCTION = YES;
				GCC_WARN_UNUSED_VARIABLE = YES;
				MACOSX_DEPLOYMENT_TARGET = 10.10;
				MTL_ENABLE_DEBUG_INFO = NO;
				SDKROOT = macosx;
			};
			name = Release;
		};
		E26EE9131ABEC9390080FCE4 /* Debug */ = {
			isa = XCBuildConfiguration;
			buildSettings = {
				COMBINE_HIDPI_IMAGES = YES;
				INFOPLIST_FILE = FuckScreenSaver/Info.plist;
				INSTALL_PATH = "$(HOME)/Library/Screen Savers";
				PRODUCT_NAME = "Fuck Scr Saver";
				WRAPPER_EXTENSION = saver;
			};
			name = Debug;
		};
		E26EE9141ABEC9390080FCE4 /* Release */ = {
			isa = XCBuildConfiguration;
			buildSettings = {
				COMBINE_HIDPI_IMAGES = YES;
				INFOPLIST_FILE = FuckScreenSaver/Info.plist;
				INSTALL_PATH = "$(HOME)/Library/Screen Savers";
				PRODUCT_NAME = "Fuck Scr Saver";
				WRAPPER_EXTENSION = saver;
			};
			name = Release;
		};
		E26EE93E1ABF54810080FCE4 /* Debug */ = {
			isa = XCBuildConfiguration;
			buildSettings = {
				ASSETCATALOG_COMPILER_APPICON_NAME = AppIcon;
				CODE_SIGN_IDENTITY = "-";
				COMBINE_HIDPI_IMAGES = YES;
				GCC_PREPROCESSOR_DEFINITIONS = (
					"DEBUG=1",
					"$(inherited)",
				);
				INFOPLIST_FILE = ScrSaverTester/Info.plist;
				LD_RUNPATH_SEARCH_PATHS = "$(inherited) @executable_path/../Frameworks";
				PRODUCT_NAME = "$(TARGET_NAME)";
			};
			name = Debug;
		};
		E26EE93F1ABF54810080FCE4 /* Release */ = {
			isa = XCBuildConfiguration;
			buildSettings = {
				ASSETCATALOG_COMPILER_APPICON_NAME = AppIcon;
				CODE_SIGN_IDENTITY = "-";
				COMBINE_HIDPI_IMAGES = YES;
				INFOPLIST_FILE = ScrSaverTester/Info.plist;
				LD_RUNPATH_SEARCH_PATHS = "$(inherited) @executable_path/../Frameworks";
				PRODUCT_NAME = "$(TARGET_NAME)";
			};
			name = Release;
		};
/* End XCBuildConfiguration section */

/* Begin XCConfigurationList section */
		E25C807A1ACB4109008C7394 /* Build configuration list for PBXNativeTarget "MangaScreenSaver" */ = {
			isa = XCConfigurationList;
			buildConfigurations = (
				E25C807B1ACB4109008C7394 /* Debug */,
				E25C807C1ACB4109008C7394 /* Release */,
			);
			defaultConfigurationIsVisible = 0;
			defaultConfigurationName = Release;
		};
		E25C81661ACB6730008C7394 /* Build configuration list for PBXNativeTarget "TestCoreImage" */ = {
			isa = XCConfigurationList;
			buildConfigurations = (
				E25C81671ACB6730008C7394 /* Debug */,
				E25C81681ACB6730008C7394 /* Release */,
			);
			defaultConfigurationIsVisible = 0;
		};
		E26EE9011ABEC9380080FCE4 /* Build configuration list for PBXProject "FuckScreenSaver" */ = {
			isa = XCConfigurationList;
			buildConfigurations = (
				E26EE9101ABEC9390080FCE4 /* Debug */,
				E26EE9111ABEC9390080FCE4 /* Release */,
			);
			defaultConfigurationIsVisible = 0;
			defaultConfigurationName = Release;
		};
		E26EE9121ABEC9390080FCE4 /* Build configuration list for PBXNativeTarget "FuckScreenSaver" */ = {
			isa = XCConfigurationList;
			buildConfigurations = (
				E26EE9131ABEC9390080FCE4 /* Debug */,
				E26EE9141ABEC9390080FCE4 /* Release */,
			);
			defaultConfigurationIsVisible = 0;
			defaultConfigurationName = Release;
		};
		E26EE93D1ABF54810080FCE4 /* Build configuration list for PBXNativeTarget "ScrSaverTester" */ = {
			isa = XCConfigurationList;
			buildConfigurations = (
				E26EE93E1ABF54810080FCE4 /* Debug */,
				E26EE93F1ABF54810080FCE4 /* Release */,
			);
			defaultConfigurationIsVisible = 0;
			defaultConfigurationName = Release;
		};
/* End XCConfigurationList section */
	};
	rootObject = E26EE8FE1ABEC9380080FCE4 /* Project object */;
}
